
Microsoft Visual Studio Solution File, Format Version 12.00
# Visual Studio Version 16
VisualStudioVersion = 16.0.31729.503
MinimumVisualStudioVersion = 10.0.40219.1
Project("{FAE04EC0-301F-11D3-BF4B-00C04F79EFBC}") = "TakeOff", "TakeOff.csproj", "{541775FD-18B3-4F13-B389-625F745CB188}"
EndProject
Global
	GlobalSection(SolutionConfigurationPlatforms) = preSolution
		Debug|Any CPU = Debug|Any CPU
		Release|Any CPU = Release|Any CPU
	EndGlobalSection
	GlobalSection(ProjectConfigurationPlatforms) = postSolution
		{541775FD-18B3-4F13-B389-625F745CB188}.Debug|Any CPU.ActiveCfg = Debug|Any CPU
		{541775FD-18B3-4F13-B389-625F745CB188}.Debug|Any CPU.Build.0 = Debug|Any CPU
		{541775FD-18B3-4F13-B389-625F745CB188}.Release|Any CPU.ActiveCfg = Release|Any CPU
		{541775FD-18B3-4F13-B389-625F745CB188}.Release|Any CPU.Build.0 = Release|Any CPU
	EndGlobalSection
	GlobalSection(SolutionProperties) = preSolution
		HideSolutionNode = FALSE
	EndGlobalSection
	GlobalSection(ExtensibilityGlobals) = postSolution
		SolutionGuid = {104D0931-255D-4BF8-8A6A-DFA5E6A4EB1F}
	EndGlobalSection
EndGlobal
